
Microsoft Visual Studio Solution File, Format Version 12.00
# Visual Studio Version 17
VisualStudioVersion = 17.11.35312.102
MinimumVisualStudioVersion = 10.0.40219.1
Project("{FAE04EC0-301F-11D3-BF4B-00C04F79EFBC}") = "Lab6_part1,2", "Lab06.01\Lab6_part1,2.csproj", "{085D23EE-A666-4F0E-B6CA-5AA5482BF107}"
EndProject
Global
	GlobalSection(SolutionConfigurationPlatforms) = preSolution
		Debug|Any CPU = Debug|Any CPU
		Release|Any CPU = Release|Any CPU
	EndGlobalSection
	GlobalSection(ProjectConfigurationPlatforms) = postSolution
		{085D23EE-A666-4F0E-B6CA-5AA5482BF107}.Debug|Any CPU.ActiveCfg = Debug|Any CPU
		{085D23EE-A666-4F0E-B6CA-5AA5482BF107}.Debug|Any CPU.Build.0 = Debug|Any CPU
		{085D23EE-A666-4F0E-B6CA-5AA5482BF107}.Release|Any CPU.ActiveCfg = Release|Any CPU
		{085D23EE-A666-4F0E-B6CA-5AA5482BF107}.Release|Any CPU.Build.0 = Release|Any CPU
	EndGlobalSection
	GlobalSection(SolutionProperties) = preSolution
		HideSolutionNode = FALSE
	EndGlobalSection
	GlobalSection(ExtensibilityGlobals) = postSolution
		SolutionGuid = {04B2CD7D-B777-4A67-B2C3-5ED97F8F4DE4}
	EndGlobalSection
EndGlobal
